// !$*UTF8*$!
{
	archiveVersion = 1;
	classes = {
	};
	objectVersion = 46;
	objects = {

/* Begin PBXBuildFile section */
		A64957A51BE35B4B00CAEA78 /* AppDelegate.swift in Sources */ = {isa = PBXBuildFile; fileRef = A64957A41BE35B4B00CAEA78 /* AppDelegate.swift */; };
		A64957A71BE35B4B00CAEA78 /* ViewController.swift in Sources */ = {isa = PBXBuildFile; fileRef = A64957A61BE35B4B00CAEA78 /* ViewController.swift */; };
		A64957AA1BE35B4B00CAEA78 /* Main.storyboard in Resources */ = {isa = PBXBuildFile; fileRef = A64957A81BE35B4B00CAEA78 /* Main.storyboard */; };
		A64957AD1BE35B4B00CAEA78 /* Test_List_View.xcdatamodeld in Sources */ = {isa = PBXBuildFile; fileRef = A64957AB1BE35B4B00CAEA78 /* Test_List_View.xcdatamodeld */; };
		A64957AF1BE35B4B00CAEA78 /* Assets.xcassets in Resources */ = {isa = PBXBuildFile; fileRef = A64957AE1BE35B4B00CAEA78 /* Assets.xcassets */; };
		A64957B21BE35B4B00CAEA78 /* LaunchScreen.storyboard in Resources */ = {isa = PBXBuildFile; fileRef = A64957B01BE35B4B00CAEA78 /* LaunchScreen.storyboard */; };
		A64957BD1BE35B4B00CAEA78 /* Test_List_ViewTests.swift in Sources */ = {isa = PBXBuildFile; fileRef = A64957BC1BE35B4B00CAEA78 /* Test_List_ViewTests.swift */; };
		A64957C81BE35B4B00CAEA78 /* Test_List_ViewUITests.swift in Sources */ = {isa = PBXBuildFile; fileRef = A64957C71BE35B4B00CAEA78 /* Test_List_ViewUITests.swift */; };
/* End PBXBuildFile section */

/* Begin PBXContainerItemProxy section */
		A64957B91BE35B4B00CAEA78 /* PBXContainerItemProxy */ = {
			isa = PBXContainerItemProxy;
			containerPortal = A64957991BE35B4B00CAEA78 /* Project object */;
			proxyType = 1;
			remoteGlobalIDString = A64957A01BE35B4B00CAEA78;
			remoteInfo = "Test List View";
		};
		A64957C41BE35B4B00CAEA78 /* PBXContainerItemProxy */ = {
			isa = PBXContainerItemProxy;
			containerPortal = A64957991BE35B4B00CAEA78 /* Project object */;
			proxyType = 1;
			remoteGlobalIDString = A64957A01BE35B4B00CAEA78;
			remoteInfo = "Test List View";
		};
/* End PBXContainerItemProxy section */

/* Begin PBXFileReference section */
		A64957A11BE35B4B00CAEA78 /* Test List View.app */ = {isa = PBXFileReference; explicitFileType = wrapper.application; includeInIndex = 0; path = "Test List View.app"; sourceTree = BUILT_PRODUCTS_DIR; };
		A64957A41BE35B4B00CAEA78 /* AppDelegate.swift */ = {isa = PBXFileReference; lastKnownFileType = sourcecode.swift; path = AppDelegate.swift; sourceTree = "<group>"; };
		A64957A61BE35B4B00CAEA78 /* ViewController.swift */ = {isa = PBXFileReference; lastKnownFileType = sourcecode.swift; path = ViewController.swift; sourceTree = "<group>"; };
		A64957A91BE35B4B00CAEA78 /* Base */ = {isa = PBXFileReference; lastKnownFileType = file.storyboard; name = Base; path = Base.lproj/Main.storyboard; sourceTree = "<group>"; };
		A64957AC1BE35B4B00CAEA78 /* Test_List_View.xcdatamodel */ = {isa = PBXFileReference; lastKnownFileType = wrapper.xcdatamodel; path = Test_List_View.xcdatamodel; sourceTree = "<group>"; };
		A64957AE1BE35B4B00CAEA78 /* Assets.xcassets */ = {isa = PBXFileReference; lastKnownFileType = folder.assetcatalog; path = Assets.xcassets; sourceTree = "<group>"; };
		A64957B11BE35B4B00CAEA78 /* Base */ = {isa = PBXFileReference; lastKnownFileType = file.storyboard; name = Base; path = Base.lproj/LaunchScreen.storyboard; sourceTree = "<group>"; };
		A64957B31BE35B4B00CAEA78 /* Info.plist */ = {isa = PBXFileReference; lastKnownFileType = text.plist.xml; path = Info.plist; sourceTree = "<group>"; };
		A64957B81BE35B4B00CAEA78 /* Test List ViewTests.xctest */ = {isa = PBXFileReference; explicitFileType = wrapper.cfbundle; includeInIndex = 0; path = "Test List ViewTests.xctest"; sourceTree = BUILT_PRODUCTS_DIR; };
		A64957BC1BE35B4B00CAEA78 /* Test_List_ViewTests.swift */ = {isa = PBXFileReference; lastKnownFileType = sourcecode.swift; path = Test_List_ViewTests.swift; sourceTree = "<group>"; };
		A64957BE1BE35B4B00CAEA78 /* Info.plist */ = {isa = PBXFileReference; lastKnownFileType = text.plist.xml; path = Info.plist; sourceTree = "<group>"; };
		A64957C31BE35B4B00CAEA78 /* Test List ViewUITests.xctest */ = {isa = PBXFileReference; explicitFileType = wrapper.cfbundle; includeInIndex = 0; path = "Test List ViewUITests.xctest"; sourceTree = BUILT_PRODUCTS_DIR; };
		A64957C71BE35B4B00CAEA78 /* Test_List_ViewUITests.swift */ = {isa = PBXFileReference; lastKnownFileType = sourcecode.swift; path = Test_List_ViewUITests.swift; sourceTree = "<group>"; };
		A64957C91BE35B4B00CAEA78 /* Info.plist */ = {isa = PBXFileReference; lastKnownFileType = text.plist.xml; path = Info.plist; sourceTree = "<group>"; };
/* End PBXFileReference section */

/* Begin PBXFrameworksBuildPhase section */
		A649579E1BE35B4B00CAEA78 /* Frameworks */ = {
			isa = PBXFrameworksBuildPhase;
			buildActionMask = 2147483647;
			files = (
			);
			runOnlyForDeploymentPostprocessing = 0;
		};
		A64957B51BE35B4B00CAEA78 /* Frameworks */ = {
			isa = PBXFrameworksBuildPhase;
			buildActionMask = 2147483647;
			files = (
			);
			runOnlyForDeploymentPostprocessing = 0;
		};
		A64957C01BE35B4B00CAEA78 /* Frameworks */ = {
			isa = PBXFrameworksBuildPhase;
			buildActionMask = 2147483647;
			files = (
			);
			runOnlyForDeploymentPostprocessing = 0;
		};
/* End PBXFrameworksBuildPhase section */

/* Begin PBXGroup section */
		A64957981BE35B4B00CAEA78 = {
			isa = PBXGroup;
			children = (
				A64957A31BE35B4B00CAEA78 /* Test List View */,
				A64957BB1BE35B4B00CAEA78 /* Test List ViewTests */,
				A64957C61BE35B4B00CAEA78 /* Test List ViewUITests */,
				A64957A21BE35B4B00CAEA78 /* Products */,
			);
			sourceTree = "<group>";
		};
		A64957A21BE35B4B00CAEA78 /* Products */ = {
			isa = PBXGroup;
			children = (
				A64957A11BE35B4B00CAEA78 /* Test List View.app */,
				A64957B81BE35B4B00CAEA78 /* Test List ViewTests.xctest */,
				A64957C31BE35B4B00CAEA78 /* Test List ViewUITests.xctest */,
			);
			name = Products;
			sourceTree = "<group>";
		};
		A64957A31BE35B4B00CAEA78 /* Test List View */ = {
			isa = PBXGroup;
			children = (
				A64957A41BE35B4B00CAEA78 /* AppDelegate.swift */,
				A64957A61BE35B4B00CAEA78 /* ViewController.swift */,
				A64957A81BE35B4B00CAEA78 /* Main.storyboard */,
				A64957AE1BE35B4B00CAEA78 /* Assets.xcassets */,
				A64957B01BE35B4B00CAEA78 /* LaunchScreen.storyboard */,
				A64957B31BE35B4B00CAEA78 /* Info.plist */,
				A64957AB1BE35B4B00CAEA78 /* Test_List_View.xcdatamodeld */,
			);
			path = "Test List View";
			sourceTree = "<group>";
		};
		A64957BB1BE35B4B00CAEA78 /* Test List ViewTests */ = {
			isa = PBXGroup;
			children = (
				A64957BC1BE35B4B00CAEA78 /* Test_List_ViewTests.swift */,
				A64957BE1BE35B4B00CAEA78 /* Info.plist */,
			);
			path = "Test List ViewTests";
			sourceTree = "<group>";
		};
		A64957C61BE35B4B00CAEA78 /* Test List ViewUITests */ = {
			isa = PBXGroup;
			children = (
				A64957C71BE35B4B00CAEA78 /* Test_List_ViewUITests.swift */,
				A64957C91BE35B4B00CAEA78 /* Info.plist */,
			);
			path = "Test List ViewUITests";
			sourceTree = "<group>";
		};
/* End PBXGroup section */

/* Begin PBXNativeTarget section */
		A64957A01BE35B4B00CAEA78 /* Test List View */ = {
			isa = PBXNativeTarget;
			buildConfigurationList = A64957CC1BE35B4B00CAEA78 /* Build configuration list for PBXNativeTarget "Test List View" */;
			buildPhases = (
				A649579D1BE35B4B00CAEA78 /* Sources */,
				A649579E1BE35B4B00CAEA78 /* Frameworks */,
				A649579F1BE35B4B00CAEA78 /* Resources */,
			);
			buildRules = (
			);
			dependencies = (
			);
			name = "Test List View";
			productName = "Test List View";
			productReference = A64957A11BE35B4B00CAEA78 /* Test List View.app */;
			productType = "com.apple.product-type.application";
		};
		A64957B71BE35B4B00CAEA78 /* Test List ViewTests */ = {
			isa = PBXNativeTarget;
			buildConfigurationList = A64957CF1BE35B4B00CAEA78 /* Build configuration list for PBXNativeTarget "Test List ViewTests" */;
			buildPhases = (
				A64957B41BE35B4B00CAEA78 /* Sources */,
				A64957B51BE35B4B00CAEA78 /* Frameworks */,
				A64957B61BE35B4B00CAEA78 /* Resources */,
			);
			buildRules = (
			);
			dependencies = (
				A64957BA1BE35B4B00CAEA78 /* PBXTargetDependency */,
			);
			name = "Test List ViewTests";
			productName = "Test List ViewTests";
			productReference = A64957B81BE35B4B00CAEA78 /* Test List ViewTests.xctest */;
			productType = "com.apple.product-type.bundle.unit-test";
		};
		A64957C21BE35B4B00CAEA78 /* Test List ViewUITests */ = {
			isa = PBXNativeTarget;
			buildConfigurationList = A64957D21BE35B4B00CAEA78 /* Build configuration list for PBXNativeTarget "Test List ViewUITests" */;
			buildPhases = (
				A64957BF1BE35B4B00CAEA78 /* Sources */,
				A64957C01BE35B4B00CAEA78 /* Frameworks */,
				A64957C11BE35B4B00CAEA78 /* Resources */,
			);
			buildRules = (
			);
			dependencies = (
				A64957C51BE35B4B00CAEA78 /* PBXTargetDependency */,
			);
			name = "Test List ViewUITests";
			productName = "Test List ViewUITests";
			productReference = A64957C31BE35B4B00CAEA78 /* Test List ViewUITests.xctest */;
			productType = "com.apple.product-type.bundle.ui-testing";
		};
/* End PBXNativeTarget section */

/* Begin PBXProject section */
		A64957991BE35B4B00CAEA78 /* Project object */ = {
			isa = PBXProject;
			attributes = {
				LastSwiftUpdateCheck = 0710;
				LastUpgradeCheck = 0710;
				ORGANIZATIONNAME = "Alexsander Khitev";
				TargetAttributes = {
					A64957A01BE35B4B00CAEA78 = {
						CreatedOnToolsVersion = 7.1;
					};
					A64957B71BE35B4B00CAEA78 = {
						CreatedOnToolsVersion = 7.1;
						TestTargetID = A64957A01BE35B4B00CAEA78;
					};
					A64957C21BE35B4B00CAEA78 = {
						CreatedOnToolsVersion = 7.1;
						TestTargetID = A64957A01BE35B4B00CAEA78;
					};
				};
			};
			buildConfigurationList = A649579C1BE35B4B00CAEA78 /* Build configuration list for PBXProject "Test List View" */;
			compatibilityVersion = "Xcode 3.2";
			developmentRegion = English;
			hasScannedForEncodings = 0;
			knownRegions = (
				en,
				Base,
			);
			mainGroup = A64957981BE35B4B00CAEA78;
			productRefGroup = A64957A21BE35B4B00CAEA78 /* Products */;
			projectDirPath = "";
			projectRoot = "";
			targets = (
				A64957A01BE35B4B00CAEA78 /* Test List View */,
				A64957B71BE35B4B00CAEA78 /* Test List ViewTests */,
				A64957C21BE35B4B00CAEA78 /* Test List ViewUITests */,
			);
		};
/* End PBXProject section */

/* Begin PBXResourcesBuildPhase section */
		A649579F1BE35B4B00CAEA78 /* Resources */ = {
			isa = PBXResourcesBuildPhase;
			buildActionMask = 2147483647;
			files = (
				A64957B21BE35B4B00CAEA78 /* LaunchScreen.storyboard in Resources */,
				A64957AF1BE35B4B00CAEA78 /* Assets.xcassets in Resources */,
				A64957AA1BE35B4B00CAEA78 /* Main.storyboard in Resources */,
			);
			runOnlyForDeploymentPostprocessing = 0;
		};
		A64957B61BE35B4B00CAEA78 /* Resources */ = {
			isa = PBXResourcesBuildPhase;
			buildActionMask = 2147483647;
			files = (
			);
			runOnlyForDeploymentPostprocessing = 0;
		};
		A64957C11BE35B4B00CAEA78 /* Resources */ = {
			isa = PBXResourcesBuildPhase;
			buildActionMask = 2147483647;
			files = (
			);
			runOnlyForDeploymentPostprocessing = 0;
		};
/* End PBXResourcesBuildPhase section */

/* Begin PBXSourcesBuildPhase section */
		A649579D1BE35B4B00CAEA78 /* Sources */ = {
			isa = PBXSourcesBuildPhase;
			buildActionMask = 2147483647;
			files = (
				A64957A71BE35B4B00CAEA78 /* ViewController.swift in Sources */,
				A64957AD1BE35B4B00CAEA78 /* Test_List_View.xcdatamodeld in Sources */,
				A64957A51BE35B4B00CAEA78 /* AppDelegate.swift in Sources */,
			);
			runOnlyForDeploymentPostprocessing = 0;
		};
		A64957B41BE35B4B00CAEA78 /* Sources */ = {
			isa = PBXSourcesBuildPhase;
			buildActionMask = 2147483647;
			files = (
				A64957BD1BE35B4B00CAEA78 /* Test_List_ViewTests.swift in Sources */,
			);
			runOnlyForDeploymentPostprocessing = 0;
		};
		A64957BF1BE35B4B00CAEA78 /* Sources */ = {
			isa = PBXSourcesBuildPhase;
			buildActionMask = 2147483647;
			files = (
				A64957C81BE35B4B00CAEA78 /* Test_List_ViewUITests.swift in Sources */,
			);
			runOnlyForDeploymentPostprocessing = 0;
		};
/* End PBXSourcesBuildPhase section */

/* Begin PBXTargetDependency section */
		A64957BA1BE35B4B00CAEA78 /* PBXTargetDependency */ = {
			isa = PBXTargetDependency;
			target = A64957A01BE35B4B00CAEA78 /* Test List View */;
			targetProxy = A64957B91BE35B4B00CAEA78 /* PBXContainerItemProxy */;
		};
		A64957C51BE35B4B00CAEA78 /* PBXTargetDependency */ = {
			isa = PBXTargetDependency;
			target = A64957A01BE35B4B00CAEA78 /* Test List View */;
			targetProxy = A64957C41BE35B4B00CAEA78 /* PBXContainerItemProxy */;
		};
/* End PBXTargetDependency section */

/* Begin PBXVariantGroup section */
		A64957A81BE35B4B00CAEA78 /* Main.storyboard */ = {
			isa = PBXVariantGroup;
			children = (
				A64957A91BE35B4B00CAEA78 /* Base */,
			);
			name = Main.storyboard;
			sourceTree = "<group>";
		};
		A64957B01BE35B4B00CAEA78 /* LaunchScreen.storyboard */ = {
			isa = PBXVariantGroup;
			children = (
				A64957B11BE35B4B00CAEA78 /* Base */,
			);
			name = LaunchScreen.storyboard;
			sourceTree = "<group>";
		};
/* End PBXVariantGroup section */

/* Begin XCBuildConfiguration section */
		A64957CA1BE35B4B00CAEA78 /* Debug */ = {
			isa = XCBuildConfiguration;
			buildSettings = {
				ALWAYS_SEARCH_USER_PATHS = NO;
				CLANG_CXX_LANGUAGE_STANDARD = "gnu++0x";
				CLANG_CXX_LIBRARY = "libc++";
				CLANG_ENABLE_MODULES = YES;
				CLANG_ENABLE_OBJC_ARC = YES;
				CLANG_WARN_BOOL_CONVERSION = YES;
				CLANG_WARN_CONSTANT_CONVERSION = YES;
				CLANG_WARN_DIRECT_OBJC_ISA_USAGE = YES_ERROR;
				CLANG_WARN_EMPTY_BODY = YES;
				CLANG_WARN_ENUM_CONVERSION = YES;
				CLANG_WARN_INT_CONVERSION = YES;
				CLANG_WARN_OBJC_ROOT_CLASS = YES_ERROR;
				CLANG_WARN_UNREACHABLE_CODE = YES;
				CLANG_WARN__DUPLICATE_METHOD_MATCH = YES;
				"CODE_SIGN_IDENTITY[sdk=iphoneos*]" = "iPhone Developer";
				COPY_PHASE_STRIP = NO;
				DEBUG_INFORMATION_FORMAT = dwarf;
				ENABLE_STRICT_OBJC_MSGSEND = YES;
				ENABLE_TESTABILITY = YES;
				GCC_C_LANGUAGE_STANDARD = gnu99;
				GCC_DYNAMIC_NO_PIC = NO;
				GCC_NO_COMMON_BLOCKS = YES;
				GCC_OPTIMIZATION_LEVEL = 0;
				GCC_PREPROCESSOR_DEFINITIONS = (
					"DEBUG=1",
					"$(inherited)",
				);
				GCC_WARN_64_TO_32_BIT_CONVERSION = YES;
				GCC_WARN_ABOUT_RETURN_TYPE = YES_ERROR;
				GCC_WARN_UNDECLARED_SELECTOR = YES;
				GCC_WARN_UNINITIALIZED_AUTOS = YES_AGGRESSIVE;
				GCC_WARN_UNUSED_FUNCTION = YES;
				GCC_WARN_UNUSED_VARIABLE = YES;
				IPHONEOS_DEPLOYMENT_TARGET = 9.1;
				MTL_ENABLE_DEBUG_INFO = YES;
				ONLY_ACTIVE_ARCH = YES;
				SDKROOT = iphoneos;
				SWIFT_OPTIMIZATION_LEVEL = "-Onone";
				TARGETED_DEVICE_FAMILY = "1,2";
			};
			name = Debug;
		};
		A64957CB1BE35B4B00CAEA78 /* Release */ = {
			isa = XCBuildConfiguration;
			buildSettings = {
				ALWAYS_SEARCH_USER_PATHS = NO;
				CLANG_CXX_LANGUAGE_STANDARD = "gnu++0x";
				CLANG_CXX_LIBRARY = "libc++";
				CLANG_ENABLE_MODULES = YES;
				CLANG_ENABLE_OBJC_ARC = YES;
				CLANG_WARN_BOOL_CONVERSION = YES;
				CLANG_WARN_CONSTANT_CONVERSION = YES;
				CLANG_WARN_DIRECT_OBJC_ISA_USAGE = YES_ERROR;
				CLANG_WARN_EMPTY_BODY = YES;
				CLANG_WARN_ENUM_CONVERSION = YES;
				CLANG_WARN_INT_CONVERSION = YES;
				CLANG_WARN_OBJC_ROOT_CLASS = YES_ERROR;
				CLANG_WARN_UNREACHABLE_CODE = YES;
				CLANG_WARN__DUPLICATE_METHOD_MATCH = YES;
				"CODE_SIGN_IDENTITY[sdk=iphoneos*]" = "iPhone Developer";
				COPY_PHASE_STRIP = NO;
				DEBUG_INFORMATION_FORMAT = "dwarf-with-dsym";
				ENABLE_NS_ASSERTIONS = NO;
				ENABLE_STRICT_OBJC_MSGSEND = YES;
				GCC_C_LANGUAGE_STANDARD = gnu99;
				GCC_NO_COMMON_BLOCKS = YES;
				GCC_WARN_64_TO_32_BIT_CONVERSION = YES;
				GCC_WARN_ABOUT_RETURN_TYPE = YES_ERROR;
				GCC_WARN_UNDECLARED_SELECTOR = YES;
				GCC_WARN_UNINITIALIZED_AUTOS = YES_AGGRESSIVE;
				GCC_WARN_UNUSED_FUNCTION = YES;
				GCC_WARN_UNUSED_VARIABLE = YES;
				IPHONEOS_DEPLOYMENT_TARGET = 9.1;
				MTL_ENABLE_DEBUG_INFO = NO;
				SDKROOT = iphoneos;
				TARGETED_DEVICE_FAMILY = "1,2";
				VALIDATE_PRODUCT = YES;
			};
			name = Release;
		};
		A64957CD1BE35B4B00CAEA78 /* Debug */ = {
			isa = XCBuildConfiguration;
			buildSettings = {
				ASSETCATALOG_COMPILER_APPICON_NAME = AppIcon;
				INFOPLIST_FILE = "Test List View/Info.plist";
				LD_RUNPATH_SEARCH_PATHS = "$(inherited) @executable_path/Frameworks";
				PRODUCT_BUNDLE_IDENTIFIER = "Alexsander-Khitev.Test-List-View";
				PRODUCT_NAME = "$(TARGET_NAME)";
			};
			name = Debug;
		};
		A64957CE1BE35B4B00CAEA78 /* Release */ = {
			isa = XCBuildConfiguration;
			buildSettings = {
				ASSETCATALOG_COMPILER_APPICON_NAME = AppIcon;
				INFOPLIST_FILE = "Test List View/Info.plist";
				LD_RUNPATH_SEARCH_PATHS = "$(inherited) @executable_path/Frameworks";
				PRODUCT_BUNDLE_IDENTIFIER = "Alexsander-Khitev.Test-List-View";
				PRODUCT_NAME = "$(TARGET_NAME)";
			};
			name = Release;
		};
		A64957D01BE35B4B00CAEA78 /* Debug */ = {
			isa = XCBuildConfiguration;
			buildSettings = {
				BUNDLE_LOADER = "$(TEST_HOST)";
				INFOPLIST_FILE = "Test List ViewTests/Info.plist";
				LD_RUNPATH_SEARCH_PATHS = "$(inherited) @executable_path/Frameworks @loader_path/Frameworks";
				PRODUCT_BUNDLE_IDENTIFIER = "Alexsander-Khitev.Test-List-ViewTests";
				PRODUCT_NAME = "$(TARGET_NAME)";
				TEST_HOST = "$(BUILT_PRODUCTS_DIR)/Test List View.app/Test List View";
			};
			name = Debug;
		};
		A64957D11BE35B4B00CAEA78 /* Release */ = {
			isa = XCBuildConfiguration;
			buildSettings = {
				BUNDLE_LOADER = "$(TEST_HOST)";
				INFOPLIST_FILE = "Test List ViewTests/Info.plist";
				LD_RUNPATH_SEARCH_PATHS = "$(inherited) @executable_path/Frameworks @loader_path/Frameworks";
				PRODUCT_BUNDLE_IDENTIFIER = "Alexsander-Khitev.Test-List-ViewTests";
				PRODUCT_NAME = "$(TARGET_NAME)";
				TEST_HOST = "$(BUILT_PRODUCTS_DIR)/Test List View.app/Test List View";
			};
			name = Release;
		};
		A64957D31BE35B4B00CAEA78 /* Debug */ = {
			isa = XCBuildConfiguration;
			buildSettings = {
				INFOPLIST_FILE = "Test List ViewUITests/Info.plist";
				LD_RUNPATH_SEARCH_PATHS = "$(inherited) @executable_path/Frameworks @loader_path/Frameworks";
				PRODUCT_BUNDLE_IDENTIFIER = "Alexsander-Khitev.Test-List-ViewUITests";
				PRODUCT_NAME = "$(TARGET_NAME)";
				TEST_TARGET_NAME = "Test List View";
				USES_XCTRUNNER = YES;
			};
			name = Debug;
		};
		A64957D41BE35B4B00CAEA78 /* Release */ = {
			isa = XCBuildConfiguration;
			buildSettings = {
				INFOPLIST_FILE = "Test List ViewUITests/Info.plist";
				LD_RUNPATH_SEARCH_PATHS = "$(inherited) @executable_path/Frameworks @loader_path/Frameworks";
				PRODUCT_BUNDLE_IDENTIFIER = "Alexsander-Khitev.Test-List-ViewUITests";
				PRODUCT_NAME = "$(TARGET_NAME)";
				TEST_TARGET_NAME = "Test List View";
				USES_XCTRUNNER = YES;
			};
			name = Release;
		};
/* End XCBuildConfiguration section */

/* Begin XCConfigurationList section */
		A649579C1BE35B4B00CAEA78 /* Build configuration list for PBXProject "Test List View" */ = {
			isa = XCConfigurationList;
			buildConfigurations = (
				A64957CA1BE35B4B00CAEA78 /* Debug */,
				A64957CB1BE35B4B00CAEA78 /* Release */,
			);
			defaultConfigurationIsVisible = 0;
			defaultConfigurationName = Release;
		};
		A64957CC1BE35B4B00CAEA78 /* Build configuration list for PBXNativeTarget "Test List View" */ = {
			isa = XCConfigurationList;
			buildConfigurations = (
				A64957CD1BE35B4B00CAEA78 /* Debug */,
				A64957CE1BE35B4B00CAEA78 /* Release */,
			);
			defaultConfigurationIsVisible = 0;
		};
		A64957CF1BE35B4B00CAEA78 /* Build configuration list for PBXNativeTarget "Test List ViewTests" */ = {
			isa = XCConfigurationList;
			buildConfigurations = (
				A64957D01BE35B4B00CAEA78 /* Debug */,
				A64957D11BE35B4B00CAEA78 /* Release */,
			);
			defaultConfigurationIsVisible = 0;
		};
		A64957D21BE35B4B00CAEA78 /* Build configuration list for PBXNativeTarget "Test List ViewUITests" */ = {
			isa = XCConfigurationList;
			buildConfigurations = (
				A64957D31BE35B4B00CAEA78 /* Debug */,
				A64957D41BE35B4B00CAEA78 /* Release */,
			);
			defaultConfigurationIsVisible = 0;
		};
/* End XCConfigurationList section */

/* Begin XCVersionGroup section */
		A64957AB1BE35B4B00CAEA78 /* Test_List_View.xcdatamodeld */ = {
			isa = XCVersionGroup;
			children = (
				A64957AC1BE35B4B00CAEA78 /* Test_List_View.xcdatamodel */,
			);
			currentVersion = A64957AC1BE35B4B00CAEA78 /* Test_List_View.xcdatamodel */;
			path = Test_List_View.xcdatamodeld;
			sourceTree = "<group>";
			versionGroupType = wrapper.xcdatamodel;
		};
/* End XCVersionGroup section */
	};
	rootObject = A64957991BE35B4B00CAEA78 /* Project object */;
}
